
Microsoft Visual Studio Solution File, Format Version 12.00
# Visual Studio Version 17
VisualStudioVersion = 17.9.34701.34
MinimumVisualStudioVersion = 10.0.40219.1
Project("{8BC9CEB8-8B4A-11D0-8D11-00A0C91BC942}") = "задание_3_фигуры", "задание_3_фигуры.vcxproj", "{DF0CFFA0-CDF0-4619-889C-0AFE634F28BC}"
EndProject
Global
	GlobalSection(SolutionConfigurationPlatforms) = preSolution
		Debug|x64 = Debug|x64
		Debug|x86 = Debug|x86
		Release|x64 = Release|x64
		Release|x86 = Release|x86
	EndGlobalSection
	GlobalSection(ProjectConfigurationPlatforms) = postSolution
		{DF0CFFA0-CDF0-4619-889C-0AFE634F28BC}.Debug|x64.ActiveCfg = Debug|x64
		{DF0CFFA0-CDF0-4619-889C-0AFE634F28BC}.Debug|x64.Build.0 = Debug|x64
		{DF0CFFA0-CDF0-4619-889C-0AFE634F28BC}.Debug|x86.ActiveCfg = Debug|Win32
		{DF0CFFA0-CDF0-4619-889C-0AFE634F28BC}.Debug|x86.Build.0 = Debug|Win32
		{DF0CFFA0-CDF0-4619-889C-0AFE634F28BC}.Release|x64.ActiveCfg = Release|x64
		{DF0CFFA0-CDF0-4619-889C-0AFE634F28BC}.Release|x64.Build.0 = Release|x64
		{DF0CFFA0-CDF0-4619-889C-0AFE634F28BC}.Release|x86.ActiveCfg = Release|Win32
		{DF0CFFA0-CDF0-4619-889C-0AFE634F28BC}.Release|x86.Build.0 = Release|Win32
	EndGlobalSection
	GlobalSection(SolutionProperties) = preSolution
		HideSolutionNode = FALSE
	EndGlobalSection
	GlobalSection(ExtensibilityGlobals) = postSolution
		SolutionGuid = {D592E25B-1740-45B1-BFE3-8DE8F6F07ABC}
	EndGlobalSection
EndGlobal
